
Microsoft Visual Studio Solution File, Format Version 12.00
# Visual Studio Version 17
VisualStudioVersion = 17.1.32414.318
MinimumVisualStudioVersion = 10.0.40219.1
Project("{9A19103F-16F7-4668-BE54-9A1E7A4F7556}") = "UUIDNext", "UUIDNext\UUIDNext.csproj", "{8E3E0676-2117-439D-B71C-A80578300D38}"
EndProject
Project("{9A19103F-16F7-4668-BE54-9A1E7A4F7556}") = "UUIDNext.Test", "UUIDNext.Test\UUIDNext.Test.csproj", "{C0E00001-67F1-4669-9494-DB5F8288523E}"
EndProject
Project("{9A19103F-16F7-4668-BE54-9A1E7A4F7556}") = "UUIDNext.Benchmarks", "UUIDNext.Benchmarks\UUIDNext.Benchmarks.csproj", "{02F45FD2-6598-4464-BAC4-88EAEC65B735}"
EndProject
Project("{FAE04EC0-301F-11D3-BF4B-00C04F79EFBC}") = "UUIDNext.DBTester", "UUIDNext.DBTester\UUIDNext.DBTester.csproj", "{86058985-ABAC-47BC-9B25-AF7C40896109}"
EndProject
Global
	GlobalSection(SolutionConfigurationPlatforms) = preSolution
		Debug|Any CPU = Debug|Any CPU
		Release|Any CPU = Release|Any CPU
	EndGlobalSection
	GlobalSection(ProjectConfigurationPlatforms) = postSolution
		{8E3E0676-2117-439D-B71C-A80578300D38}.Debug|Any CPU.ActiveCfg = Debug|Any CPU
		{8E3E0676-2117-439D-B71C-A80578300D38}.Debug|Any CPU.Build.0 = Debug|Any CPU
		{8E3E0676-2117-439D-B71C-A80578300D38}.Release|Any CPU.ActiveCfg = Release|Any CPU
		{8E3E0676-2117-439D-B71C-A80578300D38}.Release|Any CPU.Build.0 = Release|Any CPU
		{C0E00001-67F1-4669-9494-DB5F8288523E}.Debug|Any CPU.ActiveCfg = Debug|Any CPU
		{C0E00001-67F1-4669-9494-DB5F8288523E}.Debug|Any CPU.Build.0 = Debug|Any CPU
		{C0E00001-67F1-4669-9494-DB5F8288523E}.Release|Any CPU.ActiveCfg = Release|Any CPU
		{C0E00001-67F1-4669-9494-DB5F8288523E}.Release|Any CPU.Build.0 = Release|Any CPU
		{02F45FD2-6598-4464-BAC4-88EAEC65B735}.Debug|Any CPU.ActiveCfg = Debug|Any CPU
		{02F45FD2-6598-4464-BAC4-88EAEC65B735}.Debug|Any CPU.Build.0 = Debug|Any CPU
		{02F45FD2-6598-4464-BAC4-88EAEC65B735}.Release|Any CPU.ActiveCfg = Release|Any CPU
		{02F45FD2-6598-4464-BAC4-88EAEC65B735}.Release|Any CPU.Build.0 = Release|Any CPU
		{86058985-ABAC-47BC-9B25-AF7C40896109}.Debug|Any CPU.ActiveCfg = Debug|Any CPU
		{86058985-ABAC-47BC-9B25-AF7C40896109}.Debug|Any CPU.Build.0 = Debug|Any CPU
		{86058985-ABAC-47BC-9B25-AF7C40896109}.Release|Any CPU.ActiveCfg = Release|Any CPU
		{86058985-ABAC-47BC-9B25-AF7C40896109}.Release|Any CPU.Build.0 = Release|Any CPU
	EndGlobalSection
	GlobalSection(SolutionProperties) = preSolution
		HideSolutionNode = FALSE
	EndGlobalSection
	GlobalSection(ExtensibilityGlobals) = postSolution
		SolutionGuid = {1A6AB557-C717-4070-BB12-4F0F32A66042}
	EndGlobalSection
EndGlobal
