
Microsoft Visual Studio Solution File, Format Version 12.00
# Visual Studio Version 17
VisualStudioVersion = 17.1.32414.318
MinimumVisualStudioVersion = 10.0.40219.1
Project("{9A19103F-16F7-4668-BE54-9A1E7A4F7556}") = "UUIDNext.DBTester", "UUIDNext.DBTester\UUIDNext.DBTester.csproj", "{86058985-ABAC-47BC-9B25-AF7C40896109}"
EndProject
Project("{FAE04EC0-301F-11D3-BF4B-00C04F79EFBC}") = "UUIDNext.Demo", "UUIDNext.Demo\UUIDNext.Demo.csproj", "{BEC65D5E-725E-46CC-ADB5-B8B69D97C1B2}"
EndProject
Global
	GlobalSection(SolutionConfigurationPlatforms) = preSolution
		Debug|Any CPU = Debug|Any CPU
		Release|Any CPU = Release|Any CPU
	EndGlobalSection
	GlobalSection(ProjectConfigurationPlatforms) = postSolution
		{86058985-ABAC-47BC-9B25-AF7C40896109}.Debug|Any CPU.ActiveCfg = Debug|Any CPU
		{86058985-ABAC-47BC-9B25-AF7C40896109}.Debug|Any CPU.Build.0 = Debug|Any CPU
		{86058985-ABAC-47BC-9B25-AF7C40896109}.Release|Any CPU.ActiveCfg = Release|Any CPU
		{86058985-ABAC-47BC-9B25-AF7C40896109}.Release|Any CPU.Build.0 = Release|Any CPU
		{BEC65D5E-725E-46CC-ADB5-B8B69D97C1B2}.Debug|Any CPU.ActiveCfg = Debug|Any CPU
		{BEC65D5E-725E-46CC-ADB5-B8B69D97C1B2}.Debug|Any CPU.Build.0 = Debug|Any CPU
		{BEC65D5E-725E-46CC-ADB5-B8B69D97C1B2}.Release|Any CPU.ActiveCfg = Release|Any CPU
		{BEC65D5E-725E-46CC-ADB5-B8B69D97C1B2}.Release|Any CPU.Build.0 = Release|Any CPU
	EndGlobalSection
	GlobalSection(SolutionProperties) = preSolution
		HideSolutionNode = FALSE
	EndGlobalSection
	GlobalSection(ExtensibilityGlobals) = postSolution
		SolutionGuid = {1A6AB557-C717-4070-BB12-4F0F32A66042}
	EndGlobalSection
EndGlobal
